
Microsoft Visual Studio Solution File, Format Version 12.00
# Visual Studio Version 17
VisualStudioVersion = 17.3.32901.215
MinimumVisualStudioVersion = 10.0.40219.1
Project("{8BC9CEB8-8B4A-11D0-8D11-00A0C91BC942}") = "Student", "Student.vcxproj", "{D493AE6B-CF96-49F4-8EA1-B8089140C31A}"
EndProject
Global
	GlobalSection(SolutionConfigurationPlatforms) = preSolution
		Debug|x64 = Debug|x64
		Debug|x86 = Debug|x86
		Release|x64 = Release|x64
		Release|x86 = Release|x86
	EndGlobalSection
	GlobalSection(ProjectConfigurationPlatforms) = postSolution
		{D493AE6B-CF96-49F4-8EA1-B8089140C31A}.Debug|x64.ActiveCfg = Debug|x64
		{D493AE6B-CF96-49F4-8EA1-B8089140C31A}.Debug|x64.Build.0 = Debug|x64
		{D493AE6B-CF96-49F4-8EA1-B8089140C31A}.Debug|x86.ActiveCfg = Debug|Win32
		{D493AE6B-CF96-49F4-8EA1-B8089140C31A}.Debug|x86.Build.0 = Debug|Win32
		{D493AE6B-CF96-49F4-8EA1-B8089140C31A}.Release|x64.ActiveCfg = Release|x64
		{D493AE6B-CF96-49F4-8EA1-B8089140C31A}.Release|x64.Build.0 = Release|x64
		{D493AE6B-CF96-49F4-8EA1-B8089140C31A}.Release|x86.ActiveCfg = Release|Win32
		{D493AE6B-CF96-49F4-8EA1-B8089140C31A}.Release|x86.Build.0 = Release|Win32
	EndGlobalSection
	GlobalSection(SolutionProperties) = preSolution
		HideSolutionNode = FALSE
	EndGlobalSection
	GlobalSection(ExtensibilityGlobals) = postSolution
		SolutionGuid = {B37A50DE-5601-4F6F-8DD4-42EB8559297D}
	EndGlobalSection
EndGlobal
